
Microsoft Visual Studio Solution File, Format Version 12.00
# Visual Studio 15
VisualStudioVersion = 15.0.27703.2042
MinimumVisualStudioVersion = 10.0.40219.1
Project("{FAE04EC0-301F-11D3-BF4B-00C04F79EFBC}") = "PushNotifications", "PushNotifications\PushNotifications.csproj", "{EE3EAF07-9AD8-4EFB-9AD4-A061D9CE073C}"
EndProject
Project("{00D1A9C2-B5F0-4AF3-8072-F6C62B433612}") = "AssemblyTest", "AssemblyTest\AssemblyTest.sqlproj", "{ABB13DD4-271D-44C4-9515-A36E785E3DFF}"
	ProjectSection(ProjectDependencies) = postProject
		{EE3EAF07-9AD8-4EFB-9AD4-A061D9CE073C} = {EE3EAF07-9AD8-4EFB-9AD4-A061D9CE073C}
	EndProjectSection
EndProject
Project("{FAE04EC0-301F-11D3-BF4B-00C04F79EFBC}") = "CLR", "CLR\CLR.csproj", "{4A853224-25DC-4951-A9FB-681836F76586}"
EndProject
Global
	GlobalSection(SolutionConfigurationPlatforms) = preSolution
		Debug|Any CPU = Debug|Any CPU
		Release|Any CPU = Release|Any CPU
	EndGlobalSection
	GlobalSection(ProjectConfigurationPlatforms) = postSolution
		{EE3EAF07-9AD8-4EFB-9AD4-A061D9CE073C}.Debug|Any CPU.ActiveCfg = Debug|Any CPU
		{EE3EAF07-9AD8-4EFB-9AD4-A061D9CE073C}.Debug|Any CPU.Build.0 = Debug|Any CPU
		{EE3EAF07-9AD8-4EFB-9AD4-A061D9CE073C}.Release|Any CPU.ActiveCfg = Release|Any CPU
		{EE3EAF07-9AD8-4EFB-9AD4-A061D9CE073C}.Release|Any CPU.Build.0 = Release|Any CPU
		{ABB13DD4-271D-44C4-9515-A36E785E3DFF}.Debug|Any CPU.ActiveCfg = Debug|Any CPU
		{ABB13DD4-271D-44C4-9515-A36E785E3DFF}.Debug|Any CPU.Build.0 = Debug|Any CPU
		{ABB13DD4-271D-44C4-9515-A36E785E3DFF}.Debug|Any CPU.Deploy.0 = Debug|Any CPU
		{ABB13DD4-271D-44C4-9515-A36E785E3DFF}.Release|Any CPU.ActiveCfg = Release|Any CPU
		{ABB13DD4-271D-44C4-9515-A36E785E3DFF}.Release|Any CPU.Build.0 = Release|Any CPU
		{ABB13DD4-271D-44C4-9515-A36E785E3DFF}.Release|Any CPU.Deploy.0 = Release|Any CPU
		{4A853224-25DC-4951-A9FB-681836F76586}.Debug|Any CPU.ActiveCfg = Debug|Any CPU
		{4A853224-25DC-4951-A9FB-681836F76586}.Debug|Any CPU.Build.0 = Debug|Any CPU
		{4A853224-25DC-4951-A9FB-681836F76586}.Release|Any CPU.ActiveCfg = Release|Any CPU
		{4A853224-25DC-4951-A9FB-681836F76586}.Release|Any CPU.Build.0 = Release|Any CPU
	EndGlobalSection
	GlobalSection(SolutionProperties) = preSolution
		HideSolutionNode = FALSE
	EndGlobalSection
	GlobalSection(ExtensibilityGlobals) = postSolution
		SolutionGuid = {F143FB40-E874-4420-891F-738750ED68D5}
	EndGlobalSection
EndGlobal
